<?xml version="1.0" encoding="utf-8"?>
<Project ToolsVersion="4.0" xmlns="http://schemas.microsoft.com/developer/msbuild/2003">
  <ItemGroup>
    <Filter Include="Main">
      <UniqueIdentifier>{1fbdac94-53e9-4a3a-a035-11b9390f2b9c}</UniqueIdentifier>
    </Filter>
  </ItemGroup>
  <ItemGroup>
    <ClCompile Include="logger.cc" />
    <ClCompile Include="global.cc" />
    <ClCompile Include="util\files.cc" />
    <ClCompile Include="source.cc">
      <Filter>Main</Filter>
    </ClCompile>
    <ClCompile Include="core\context.cc" />
    <ClCompile Include="core\device.cc" />
    <ClCompile Include="core\swapchain.cc" />
    <ClCompile Include="core\window.cc" />
  </ItemGroup>
  <ItemGroup>
    <ClInclude Include="global.h" />
    <ClInclude Include="logger.h" />
    <ClInclude Include="constants.h" />
    <ClInclude Include="config.h" />
    <ClInclude Include="vma\vk_mem_alloc.h" />
    <ClInclude Include="vma\vk_mem_alloc.hpp" />
    <ClInclude Include="util\files.h" />
    <ClInclude Include="core\context.h" />
    <ClInclude Include="core\device.h" />
    <ClInclude Include="core\glfw_context.h" />
    <ClInclude Include="core\swapchain.h" />
    <ClInclude Include="core\window.h" />
  </ItemGroup>
  <ItemGroup>
    <FxCompile Include="res\shader.fs.hlsl" />
    <FxCompile Include="res\shader.vs.hlsl" />
  </ItemGroup>
</Project>