<?xml version="1.0" encoding="utf-8"?>
<Project ToolsVersion="4.0" xmlns="http://schemas.microsoft.com/developer/msbuild/2003">
  <ItemGroup>
    <Filter Include="Main">
      <UniqueIdentifier>{1fbdac94-53e9-4a3a-a035-11b9390f2b9c}</UniqueIdentifier>
    </Filter>
  </ItemGroup>
  <ItemGroup>
    <ClCompile Include="logger.cc" />
    <ClCompile Include="global.cc" />
    <ClCompile Include="util\files.cc" />
    <ClCompile Include="core\context.cc" />
    <ClCompile Include="core\device.cc" />
    <ClCompile Include="core\swapchain.cc" />
    <ClCompile Include="core\window.cc" />
    <ClCompile Include="thirdparty\optick\optick_capi.cpp" />
    <ClCompile Include="thirdparty\optick\optick_core.cpp" />
    <ClCompile Include="thirdparty\optick\optick_gpu.cpp" />
    <ClCompile Include="thirdparty\optick\optick_gpu.d3d12.cpp" />
    <ClCompile Include="thirdparty\optick\optick_gpu.vulkan.cpp" />
    <ClCompile Include="thirdparty\optick\optick_message.cpp" />
    <ClCompile Include="thirdparty\optick\optick_miniz.cpp" />
    <ClCompile Include="thirdparty\optick\optick_serialization.cpp" />
    <ClCompile Include="thirdparty\optick\optick_server.cpp" />
    <ClCompile Include="thirdparty\renderdoc\renderdoc.cpp" />
    <ClCompile Include="core\gui.cc" />
    <ClCompile Include="thirdparty\imgui\imgui.cpp" />
    <ClCompile Include="thirdparty\imgui\imgui_demo.cpp" />
    <ClCompile Include="thirdparty\imgui\imgui_draw.cpp" />
    <ClCompile Include="thirdparty\imgui\imgui_impl_glfw.cpp" />
    <ClCompile Include="thirdparty\imgui\imgui_impl_vulkan.cpp" />
    <ClCompile Include="thirdparty\imgui\imgui_widgets.cpp" />
    <ClCompile Include="core\pipeline.cc" />
    <ClCompile Include="thirdparty\spirv_reflect\spirv_reflect.c" />
    <ClCompile Include="core\renderpass.cc" />
  </ItemGroup>
  <ItemGroup>
    <ClInclude Include="global.h" />
    <ClInclude Include="logger.h" />
    <ClInclude Include="constants.h" />
    <ClInclude Include="config.h" />
    <ClInclude Include="util\files.h" />
    <ClInclude Include="core\context.h" />
    <ClInclude Include="core\device.h" />
    <ClInclude Include="core\glfw_context.h" />
    <ClInclude Include="core\swapchain.h" />
    <ClInclude Include="core\window.h" />
    <ClInclude Include="thirdparty\vma\vk_mem_alloc.h" />
    <ClInclude Include="thirdparty\vma\vk_mem_alloc.hpp" />
    <ClInclude Include="thirdparty\optick\optick.config.h" />
    <ClInclude Include="thirdparty\optick\optick.h" />
    <ClInclude Include="thirdparty\optick\optick_capi.h" />
    <ClInclude Include="thirdparty\optick\optick_common.h" />
    <ClInclude Include="thirdparty\optick\optick_core.freebsd.h" />
    <ClInclude Include="thirdparty\optick\optick_core.h" />
    <ClInclude Include="thirdparty\optick\optick_core.linux.h" />
    <ClInclude Include="thirdparty\optick\optick_core.macos.h" />
    <ClInclude Include="thirdparty\optick\optick_core.platform.h" />
    <ClInclude Include="thirdparty\optick\optick_core.win.h" />
    <ClInclude Include="thirdparty\optick\optick_gpu.h" />
    <ClInclude Include="thirdparty\optick\optick_memory.h" />
    <ClInclude Include="thirdparty\optick\optick_message.h" />
    <ClInclude Include="thirdparty\optick\optick_miniz.h" />
    <ClInclude Include="thirdparty\optick\optick_serialization.h" />
    <ClInclude Include="thirdparty\optick\optick_server.h" />
    <ClInclude Include="core\camera.h" />
    <ClInclude Include="thirdparty\renderdoc\renderdoc.h" />
    <ClInclude Include="thirdparty\renderdoc\renderdoc_api.h" />
    <ClInclude Include="core\gui.h" />
    <ClInclude Include="thirdparty\imgui\imconfig.h" />
    <ClInclude Include="thirdparty\imgui\imgui.h" />
    <ClInclude Include="thirdparty\imgui\imgui_impl_glfw.h" />
    <ClInclude Include="thirdparty\imgui\imgui_impl_vulkan.h" />
    <ClInclude Include="thirdparty\imgui\imgui_internal.h" />
    <ClInclude Include="thirdparty\imgui\imstb_rectpack.h" />
    <ClInclude Include="thirdparty\imgui\imstb_textedit.h" />
    <ClInclude Include="thirdparty\imgui\imstb_truetype.h" />
    <ClInclude Include="core\pipeline.h" />
    <ClInclude Include="thirdparty\spirv_reflect\spirv_reflect.h" />
    <ClInclude Include="core\renderpass.h" />
    <ClInclude Include="stdafx.h" />
  </ItemGroup>
  <ItemGroup>
    <FxCompile Include="res\shaders\shader.fs.hlsl" />
    <FxCompile Include="res\shaders\shader.vs.hlsl" />
  </ItemGroup>
  <ItemGroup>
    <None Include="res\shaders\shader.hlsli" />
  </ItemGroup>
</Project>