
Microsoft Visual Studio Solution File, Format Version 12.00
# Visual Studio Version 16
VisualStudioVersion = 16.0.30330.147
MinimumVisualStudioVersion = 10.0.40219.1
Project("{8BC9CEB8-8B4A-11D0-8D11-00A0C91BC942}") = "Aster", "Aster\Aster.vcxproj", "{F7051B8D-736F-497A-9838-F1FA76DCF3B6}"
EndProject
Project("{8BC9CEB8-8B4A-11D0-8D11-00A0C91BC942}") = "Volumetric", "Volumetric\Volumetric.vcxproj", "{32B82B41-D347-4B06-834C-DDF1FE25D10C}"
	ProjectSection(ProjectDependencies) = postProject
		{F7051B8D-736F-497A-9838-F1FA76DCF3B6} = {F7051B8D-736F-497A-9838-F1FA76DCF3B6}
	EndProjectSection
EndProject
Global
	GlobalSection(SolutionConfigurationPlatforms) = preSolution
		Debug|x64 = Debug|x64
		Debug|x86 = Debug|x86
		Release|x64 = Release|x64
		Release|x86 = Release|x86
	EndGlobalSection
	GlobalSection(ProjectConfigurationPlatforms) = postSolution
		{F7051B8D-736F-497A-9838-F1FA76DCF3B6}.Debug|x64.ActiveCfg = Debug|x64
		{F7051B8D-736F-497A-9838-F1FA76DCF3B6}.Debug|x64.Build.0 = Debug|x64
		{F7051B8D-736F-497A-9838-F1FA76DCF3B6}.Debug|x86.ActiveCfg = Debug|Win32
		{F7051B8D-736F-497A-9838-F1FA76DCF3B6}.Debug|x86.Build.0 = Debug|Win32
		{F7051B8D-736F-497A-9838-F1FA76DCF3B6}.Release|x64.ActiveCfg = Release|x64
		{F7051B8D-736F-497A-9838-F1FA76DCF3B6}.Release|x64.Build.0 = Release|x64
		{F7051B8D-736F-497A-9838-F1FA76DCF3B6}.Release|x86.ActiveCfg = Release|Win32
		{F7051B8D-736F-497A-9838-F1FA76DCF3B6}.Release|x86.Build.0 = Release|Win32
		{32B82B41-D347-4B06-834C-DDF1FE25D10C}.Debug|x64.ActiveCfg = Debug|x64
		{32B82B41-D347-4B06-834C-DDF1FE25D10C}.Debug|x64.Build.0 = Debug|x64
		{32B82B41-D347-4B06-834C-DDF1FE25D10C}.Debug|x86.ActiveCfg = Debug|Win32
		{32B82B41-D347-4B06-834C-DDF1FE25D10C}.Debug|x86.Build.0 = Debug|Win32
		{32B82B41-D347-4B06-834C-DDF1FE25D10C}.Release|x64.ActiveCfg = Release|x64
		{32B82B41-D347-4B06-834C-DDF1FE25D10C}.Release|x64.Build.0 = Release|x64
		{32B82B41-D347-4B06-834C-DDF1FE25D10C}.Release|x86.ActiveCfg = Release|Win32
		{32B82B41-D347-4B06-834C-DDF1FE25D10C}.Release|x86.Build.0 = Release|Win32
	EndGlobalSection
	GlobalSection(SolutionProperties) = preSolution
		HideSolutionNode = FALSE
	EndGlobalSection
	GlobalSection(ExtensibilityGlobals) = postSolution
		SolutionGuid = {A2B9116B-CD61-4587-BFBB-9EB940F595BA}
	EndGlobalSection
EndGlobal
